schema: '2.0'
stages:
  curar:
    cmd: python scripts/curate.py
    deps:
    - path: data/raw/propiedades_argenprop.csv
      hash: md5
      md5: 98ca9b73182f8dedc0404ed4f4444cdc
      size: 3771329
    - path: scripts/curate.py
      hash: md5
      md5: 43939b27a1bf89f5013df4a8ab147658
      size: 1733
    - path: src/real_estate/curation
      hash: md5
      md5: 32891b470b3e2ec480eda20f9e39d49c.dir
      size: 48141
      nfiles: 10
    outs:
    - path: data/processed/propiedades_argenprop_curado.csv
      hash: md5
      md5: 68044492a73c7afd4a3a4011bba9ebaa
      size: 3824429
  features:
    cmd: python scripts/features.py
    deps:
    - path: data/processed/propiedades_argenprop_curado.csv
      hash: md5
      md5: 68044492a73c7afd4a3a4011bba9ebaa
      size: 3824429
    - path: scripts/features.py
      hash: md5
      md5: f171cfd8f21ac85d5c40123dfca594ab
      size: 2684
    - path: src/real_estate/features
      hash: md5
      md5: 33298aaddfe2ad3e72862dadc282f60f.dir
      size: 24547
      nfiles: 6
    outs:
    - path: data/processed/propiedades_argenprop_features.csv
      hash: md5
      md5: 8f9939019756710ab6222376f629946d
      size: 184584
